// !$*UTF8*$!
{
	archiveVersion = 1;
	classes = {
	};
	objectVersion = 56;
	objects = {

/* Begin PBXBuildFile section */
		58A6A0D52A03925A0014E4BD /* Home.swift in Sources */ = {isa = PBXBuildFile; fileRef = 58A6A0D32A03925A0014E4BD /* Home.swift */; };
		58A6A0D62A03925A0014E4BD /* YTView.swift in Sources */ = {isa = PBXBuildFile; fileRef = 58A6A0D42A03925A0014E4BD /* YTView.swift */; };
		B12AC8C429F84DD500111013 /* CustomTabBar.swift in Sources */ = {isa = PBXBuildFile; fileRef = B12AC8C329F84DD500111013 /* CustomTabBar.swift */; };
		B13ED56229F856A000491CFF /* RootView.swift in Sources */ = {isa = PBXBuildFile; fileRef = B13ED56129F856A000491CFF /* RootView.swift */; };
		B13ED56429F858E200491CFF /* SummaryView.swift in Sources */ = {isa = PBXBuildFile; fileRef = B13ED56329F858E200491CFF /* SummaryView.swift */; };
		B13ED56629F8594E00491CFF /* TabBarButton.swift in Sources */ = {isa = PBXBuildFile; fileRef = B13ED56529F8594E00491CFF /* TabBarButton.swift */; };
		B1475EF62A03567A00D41BED /* PageEnum.swift in Sources */ = {isa = PBXBuildFile; fileRef = B1475EF52A03567A00D41BED /* PageEnum.swift */; };
		B1475F002A0429B100D41BED /* AddSavingButton.swift in Sources */ = {isa = PBXBuildFile; fileRef = B1475EFF2A0429B100D41BED /* AddSavingButton.swift */; };
		B18990412A021BD500260C10 /* WelcomeScreen.swift in Sources */ = {isa = PBXBuildFile; fileRef = B18990402A021BD500260C10 /* WelcomeScreen.swift */; };
		D45D2D5C2A03A07C0098BFB6 /* SavingsView.swift in Sources */ = {isa = PBXBuildFile; fileRef = D45D2D5B2A03A07C0098BFB6 /* SavingsView.swift */; };
		D465C76D2A017CDE00447757 /* TipsView.swift in Sources */ = {isa = PBXBuildFile; fileRef = D465C76C2A017CDE00447757 /* TipsView.swift */; };
		D4D4A7C929FA37BA008674F8 /* SwiftUICharts in Frameworks */ = {isa = PBXBuildFile; productRef = D415A44A29FA0FB7004BC18E /* SwiftUICharts */; };
		D4D4A7CD29FA5BEE008674F8 /* CategoryChart.swift in Sources */ = {isa = PBXBuildFile; fileRef = D4D4A7CC29FA5BEE008674F8 /* CategoryChart.swift */; };
		D4F9DCA92A026800002F51B5 /* RoundedCorner.swift in Sources */ = {isa = PBXBuildFile; fileRef = D4F9DCA82A026800002F51B5 /* RoundedCorner.swift */; };
		D7228C9B2A039AC8006237B9 /* NotificationModel.swift in Sources */ = {isa = PBXBuildFile; fileRef = D7228C9A2A039AC8006237B9 /* NotificationModel.swift */; };
		D753EC1629F66C28007C3F31 /* MC1GDApp.swift in Sources */ = {isa = PBXBuildFile; fileRef = D753EC1529F66C28007C3F31 /* MC1GDApp.swift */; };
		D753EC1A29F66C29007C3F31 /* Assets.xcassets in Resources */ = {isa = PBXBuildFile; fileRef = D753EC1929F66C29007C3F31 /* Assets.xcassets */; };
		D753EC1D29F66C29007C3F31 /* Preview Assets.xcassets in Resources */ = {isa = PBXBuildFile; fileRef = D753EC1C29F66C29007C3F31 /* Preview Assets.xcassets */; };
		D753EC1F29F66C29007C3F31 /* Persistence.swift in Sources */ = {isa = PBXBuildFile; fileRef = D753EC1E29F66C29007C3F31 /* Persistence.swift */; };
		D753EC2229F66C29007C3F31 /* MC1GD.xcdatamodeld in Sources */ = {isa = PBXBuildFile; fileRef = D753EC2029F66C29007C3F31 /* MC1GD.xcdatamodeld */; };
		D753EC2C29F66C29007C3F31 /* MC1GDTests.swift in Sources */ = {isa = PBXBuildFile; fileRef = D753EC2B29F66C29007C3F31 /* MC1GDTests.swift */; };
		D753EC3629F66C29007C3F31 /* MC1GDUITests.swift in Sources */ = {isa = PBXBuildFile; fileRef = D753EC3529F66C29007C3F31 /* MC1GDUITests.swift */; };
		D753EC3829F66C29007C3F31 /* MC1GDUITestsLaunchTests.swift in Sources */ = {isa = PBXBuildFile; fileRef = D753EC3729F66C29007C3F31 /* MC1GDUITestsLaunchTests.swift */; };
		D753EC4929F66DAC007C3F31 /* CoreDataViewModel.swift in Sources */ = {isa = PBXBuildFile; fileRef = D753EC4829F66DAC007C3F31 /* CoreDataViewModel.swift */; };
		D753EC4B29F66DDA007C3F31 /* AddItemButton.swift in Sources */ = {isa = PBXBuildFile; fileRef = D753EC4A29F66DDA007C3F31 /* AddItemButton.swift */; };
		D753EC4F29F66DF4007C3F31 /* ExpenseView.swift in Sources */ = {isa = PBXBuildFile; fileRef = D753EC4E29F66DF4007C3F31 /* ExpenseView.swift */; };
		D753EC5129F66DFA007C3F31 /* NewItemView.swift in Sources */ = {isa = PBXBuildFile; fileRef = D753EC5029F66DFA007C3F31 /* NewItemView.swift */; };
		D753EC5429F66E55007C3F31 /* ImagePicker.swift in Sources */ = {isa = PBXBuildFile; fileRef = D753EC5329F66E55007C3F31 /* ImagePicker.swift */; };
		D753EC5829F66E79007C3F31 /* CurrencyFormatter.swift in Sources */ = {isa = PBXBuildFile; fileRef = D753EC5729F66E79007C3F31 /* CurrencyFormatter.swift */; };
		D753EC5A29F66E92007C3F31 /* DateModel.swift in Sources */ = {isa = PBXBuildFile; fileRef = D753EC5929F66E92007C3F31 /* DateModel.swift */; };
		D755B0272A0286A10013C7FA /* NoBarChartView.swift in Sources */ = {isa = PBXBuildFile; fileRef = D755B0262A0286A10013C7FA /* NoBarChartView.swift */; };
		D780C6D729FA584F007BF480 /* AddItemFromViewModel.swift in Sources */ = {isa = PBXBuildFile; fileRef = D780C6D629FA584F007BF480 /* AddItemFromViewModel.swift */; };
		D780C6DB29FD233D007BF480 /* CategoryEnum.swift in Sources */ = {isa = PBXBuildFile; fileRef = D780C6DA29FD233D007BF480 /* CategoryEnum.swift */; };
		D780C6DF29FE8411007BF480 /* ColorExtension.swift in Sources */ = {isa = PBXBuildFile; fileRef = D780C6DE29FE8411007BF480 /* ColorExtension.swift */; };
		D780C71D29FEA1E8007BF480 /* NeedsWantsBarChart.swift in Sources */ = {isa = PBXBuildFile; fileRef = D780C71C29FEA1E8007BF480 /* NeedsWantsBarChart.swift */; };
		D780C71F29FEA41F007BF480 /* BarChartDataModel.swift in Sources */ = {isa = PBXBuildFile; fileRef = D780C71E29FEA41F007BF480 /* BarChartDataModel.swift */; };
		D780C72129FEF6EA007BF480 /* ArrayExtension.swift in Sources */ = {isa = PBXBuildFile; fileRef = D780C72029FEF6EA007BF480 /* ArrayExtension.swift */; };
		D780C72329FF0BE2007BF480 /* QuestionsView.swift in Sources */ = {isa = PBXBuildFile; fileRef = D780C72229FF0BE2007BF480 /* QuestionsView.swift */; };
		D7B81C1729F8F0F0002E5EF9 /* PhotoPickerAndCamera.swift in Sources */ = {isa = PBXBuildFile; fileRef = D7B81C1629F8F0F0002E5EF9 /* PhotoPickerAndCamera.swift */; };
		D7C4AB3B2A014F6C00FD76BF /* HorizontalProgressBar.swift in Sources */ = {isa = PBXBuildFile; fileRef = D7C4AB3A2A014F6C00FD76BF /* HorizontalProgressBar.swift */; };
/* End PBXBuildFile section */

/* Begin PBXContainerItemProxy section */
		D753EC2829F66C29007C3F31 /* PBXContainerItemProxy */ = {
			isa = PBXContainerItemProxy;
			containerPortal = D753EC0A29F66C28007C3F31 /* Project object */;
			proxyType = 1;
			remoteGlobalIDString = D753EC1129F66C28007C3F31;
			remoteInfo = MC1GD;
		};
		D753EC3229F66C29007C3F31 /* PBXContainerItemProxy */ = {
			isa = PBXContainerItemProxy;
			containerPortal = D753EC0A29F66C28007C3F31 /* Project object */;
			proxyType = 1;
			remoteGlobalIDString = D753EC1129F66C28007C3F31;
			remoteInfo = MC1GD;
		};
/* End PBXContainerItemProxy section */

/* Begin PBXFileReference section */
		58A6A0D32A03925A0014E4BD /* Home.swift */ = {isa = PBXFileReference; fileEncoding = 4; lastKnownFileType = sourcecode.swift; path = Home.swift; sourceTree = "<group>"; };
		58A6A0D42A03925A0014E4BD /* YTView.swift */ = {isa = PBXFileReference; fileEncoding = 4; lastKnownFileType = sourcecode.swift; path = YTView.swift; sourceTree = "<group>"; };
		B12AC8C329F84DD500111013 /* CustomTabBar.swift */ = {isa = PBXFileReference; lastKnownFileType = sourcecode.swift; path = CustomTabBar.swift; sourceTree = "<group>"; };
		B13ED56129F856A000491CFF /* RootView.swift */ = {isa = PBXFileReference; lastKnownFileType = sourcecode.swift; path = RootView.swift; sourceTree = "<group>"; };
		B13ED56329F858E200491CFF /* SummaryView.swift */ = {isa = PBXFileReference; lastKnownFileType = sourcecode.swift; path = SummaryView.swift; sourceTree = "<group>"; };
		B13ED56529F8594E00491CFF /* TabBarButton.swift */ = {isa = PBXFileReference; lastKnownFileType = sourcecode.swift; path = TabBarButton.swift; sourceTree = "<group>"; };
		B1475EF52A03567A00D41BED /* PageEnum.swift */ = {isa = PBXFileReference; lastKnownFileType = sourcecode.swift; path = PageEnum.swift; sourceTree = "<group>"; };
		B1475EFF2A0429B100D41BED /* AddSavingButton.swift */ = {isa = PBXFileReference; lastKnownFileType = sourcecode.swift; path = AddSavingButton.swift; sourceTree = "<group>"; };
		B18990402A021BD500260C10 /* WelcomeScreen.swift */ = {isa = PBXFileReference; lastKnownFileType = sourcecode.swift; path = WelcomeScreen.swift; sourceTree = "<group>"; };
		D45D2D5B2A03A07C0098BFB6 /* SavingsView.swift */ = {isa = PBXFileReference; lastKnownFileType = sourcecode.swift; path = SavingsView.swift; sourceTree = "<group>"; };
		D465C76C2A017CDE00447757 /* TipsView.swift */ = {isa = PBXFileReference; lastKnownFileType = sourcecode.swift; path = TipsView.swift; sourceTree = "<group>"; };
		D4D4A7CC29FA5BEE008674F8 /* CategoryChart.swift */ = {isa = PBXFileReference; lastKnownFileType = sourcecode.swift; path = CategoryChart.swift; sourceTree = "<group>"; };
		D4F9DCA82A026800002F51B5 /* RoundedCorner.swift */ = {isa = PBXFileReference; lastKnownFileType = sourcecode.swift; path = RoundedCorner.swift; sourceTree = "<group>"; };
		D7228C9A2A039AC8006237B9 /* NotificationModel.swift */ = {isa = PBXFileReference; lastKnownFileType = sourcecode.swift; path = NotificationModel.swift; sourceTree = "<group>"; };
		D753EC1229F66C28007C3F31 /* MC1GD.app */ = {isa = PBXFileReference; explicitFileType = wrapper.application; includeInIndex = 0; path = MC1GD.app; sourceTree = BUILT_PRODUCTS_DIR; };
		D753EC1529F66C28007C3F31 /* MC1GDApp.swift */ = {isa = PBXFileReference; lastKnownFileType = sourcecode.swift; path = MC1GDApp.swift; sourceTree = "<group>"; };
		D753EC1929F66C29007C3F31 /* Assets.xcassets */ = {isa = PBXFileReference; lastKnownFileType = folder.assetcatalog; path = Assets.xcassets; sourceTree = "<group>"; };
		D753EC1C29F66C29007C3F31 /* Preview Assets.xcassets */ = {isa = PBXFileReference; lastKnownFileType = folder.assetcatalog; path = "Preview Assets.xcassets"; sourceTree = "<group>"; };
		D753EC1E29F66C29007C3F31 /* Persistence.swift */ = {isa = PBXFileReference; lastKnownFileType = sourcecode.swift; path = Persistence.swift; sourceTree = "<group>"; };
		D753EC2129F66C29007C3F31 /* MC1GD.xcdatamodel */ = {isa = PBXFileReference; lastKnownFileType = wrapper.xcdatamodel; path = MC1GD.xcdatamodel; sourceTree = "<group>"; };
		D753EC2729F66C29007C3F31 /* MC1GDTests.xctest */ = {isa = PBXFileReference; explicitFileType = wrapper.cfbundle; includeInIndex = 0; path = MC1GDTests.xctest; sourceTree = BUILT_PRODUCTS_DIR; };
		D753EC2B29F66C29007C3F31 /* MC1GDTests.swift */ = {isa = PBXFileReference; lastKnownFileType = sourcecode.swift; path = MC1GDTests.swift; sourceTree = "<group>"; };
		D753EC3129F66C29007C3F31 /* MC1GDUITests.xctest */ = {isa = PBXFileReference; explicitFileType = wrapper.cfbundle; includeInIndex = 0; path = MC1GDUITests.xctest; sourceTree = BUILT_PRODUCTS_DIR; };
		D753EC3529F66C29007C3F31 /* MC1GDUITests.swift */ = {isa = PBXFileReference; lastKnownFileType = sourcecode.swift; path = MC1GDUITests.swift; sourceTree = "<group>"; };
		D753EC3729F66C29007C3F31 /* MC1GDUITestsLaunchTests.swift */ = {isa = PBXFileReference; lastKnownFileType = sourcecode.swift; path = MC1GDUITestsLaunchTests.swift; sourceTree = "<group>"; };
		D753EC4829F66DAC007C3F31 /* CoreDataViewModel.swift */ = {isa = PBXFileReference; lastKnownFileType = sourcecode.swift; path = CoreDataViewModel.swift; sourceTree = "<group>"; };
		D753EC4A29F66DDA007C3F31 /* AddItemButton.swift */ = {isa = PBXFileReference; lastKnownFileType = sourcecode.swift; path = AddItemButton.swift; sourceTree = "<group>"; };
		D753EC4E29F66DF4007C3F31 /* ExpenseView.swift */ = {isa = PBXFileReference; lastKnownFileType = sourcecode.swift; path = ExpenseView.swift; sourceTree = "<group>"; };
		D753EC5029F66DFA007C3F31 /* NewItemView.swift */ = {isa = PBXFileReference; lastKnownFileType = sourcecode.swift; path = NewItemView.swift; sourceTree = "<group>"; };
		D753EC5329F66E55007C3F31 /* ImagePicker.swift */ = {isa = PBXFileReference; lastKnownFileType = sourcecode.swift; path = ImagePicker.swift; sourceTree = "<group>"; };
		D753EC5729F66E79007C3F31 /* CurrencyFormatter.swift */ = {isa = PBXFileReference; lastKnownFileType = sourcecode.swift; path = CurrencyFormatter.swift; sourceTree = "<group>"; };
		D753EC5929F66E92007C3F31 /* DateModel.swift */ = {isa = PBXFileReference; lastKnownFileType = sourcecode.swift; path = DateModel.swift; sourceTree = "<group>"; };
		D755B0262A0286A10013C7FA /* NoBarChartView.swift */ = {isa = PBXFileReference; lastKnownFileType = sourcecode.swift; path = NoBarChartView.swift; sourceTree = "<group>"; };
		D780C6D629FA584F007BF480 /* AddItemFromViewModel.swift */ = {isa = PBXFileReference; lastKnownFileType = sourcecode.swift; path = AddItemFromViewModel.swift; sourceTree = "<group>"; };
		D780C6DA29FD233D007BF480 /* CategoryEnum.swift */ = {isa = PBXFileReference; lastKnownFileType = sourcecode.swift; path = CategoryEnum.swift; sourceTree = "<group>"; };
		D780C6DE29FE8411007BF480 /* ColorExtension.swift */ = {isa = PBXFileReference; lastKnownFileType = sourcecode.swift; path = ColorExtension.swift; sourceTree = "<group>"; };
		D780C71C29FEA1E8007BF480 /* NeedsWantsBarChart.swift */ = {isa = PBXFileReference; lastKnownFileType = sourcecode.swift; path = NeedsWantsBarChart.swift; sourceTree = "<group>"; };
		D780C71E29FEA41F007BF480 /* BarChartDataModel.swift */ = {isa = PBXFileReference; lastKnownFileType = sourcecode.swift; path = BarChartDataModel.swift; sourceTree = "<group>"; };
		D780C72029FEF6EA007BF480 /* ArrayExtension.swift */ = {isa = PBXFileReference; lastKnownFileType = sourcecode.swift; path = ArrayExtension.swift; sourceTree = "<group>"; };
		D780C72229FF0BE2007BF480 /* QuestionsView.swift */ = {isa = PBXFileReference; lastKnownFileType = sourcecode.swift; path = QuestionsView.swift; sourceTree = "<group>"; };
		D7B81C1629F8F0F0002E5EF9 /* PhotoPickerAndCamera.swift */ = {isa = PBXFileReference; lastKnownFileType = sourcecode.swift; path = PhotoPickerAndCamera.swift; sourceTree = "<group>"; };
		D7C4AB3A2A014F6C00FD76BF /* HorizontalProgressBar.swift */ = {isa = PBXFileReference; lastKnownFileType = sourcecode.swift; path = HorizontalProgressBar.swift; sourceTree = "<group>"; };
/* End PBXFileReference section */

/* Begin PBXFrameworksBuildPhase section */
		D753EC0F29F66C28007C3F31 /* Frameworks */ = {
			isa = PBXFrameworksBuildPhase;
			buildActionMask = 2147483647;
			files = (
				D4D4A7C929FA37BA008674F8 /* SwiftUICharts in Frameworks */,
			);
			runOnlyForDeploymentPostprocessing = 0;
		};
		D753EC2429F66C29007C3F31 /* Frameworks */ = {
			isa = PBXFrameworksBuildPhase;
			buildActionMask = 2147483647;
			files = (
			);
			runOnlyForDeploymentPostprocessing = 0;
		};
		D753EC2E29F66C29007C3F31 /* Frameworks */ = {
			isa = PBXFrameworksBuildPhase;
			buildActionMask = 2147483647;
			files = (
			);
			runOnlyForDeploymentPostprocessing = 0;
		};
/* End PBXFrameworksBuildPhase section */

/* Begin PBXGroup section */
		D753EC0929F66C28007C3F31 = {
			isa = PBXGroup;
			children = (
				D753EC1429F66C28007C3F31 /* MC1GD */,
				D753EC2A29F66C29007C3F31 /* MC1GDTests */,
				D753EC3429F66C29007C3F31 /* MC1GDUITests */,
				D753EC1329F66C28007C3F31 /* Products */,
			);
			sourceTree = "<group>";
		};
		D753EC1329F66C28007C3F31 /* Products */ = {
			isa = PBXGroup;
			children = (
				D753EC1229F66C28007C3F31 /* MC1GD.app */,
				D753EC2729F66C29007C3F31 /* MC1GDTests.xctest */,
				D753EC3129F66C29007C3F31 /* MC1GDUITests.xctest */,
			);
			name = Products;
			sourceTree = "<group>";
		};
		D753EC1429F66C28007C3F31 /* MC1GD */ = {
			isa = PBXGroup;
			children = (
				D753EC5229F66E17007C3F31 /* Utilities */,
				D753EC4729F66C55007C3F31 /* Model */,
				D753EC4629F66C50007C3F31 /* Components */,
				D753EC4529F66C4B007C3F31 /* ViewModel */,
				D753EC4429F66C45007C3F31 /* Views */,
				D753EC1529F66C28007C3F31 /* MC1GDApp.swift */,
				D753EC1929F66C29007C3F31 /* Assets.xcassets */,
				D753EC1E29F66C29007C3F31 /* Persistence.swift */,
				D753EC2029F66C29007C3F31 /* MC1GD.xcdatamodeld */,
				D753EC1B29F66C29007C3F31 /* Preview Content */,
			);
			path = MC1GD;
			sourceTree = "<group>";
		};
		D753EC1B29F66C29007C3F31 /* Preview Content */ = {
			isa = PBXGroup;
			children = (
				D753EC1C29F66C29007C3F31 /* Preview Assets.xcassets */,
			);
			path = "Preview Content";
			sourceTree = "<group>";
		};
		D753EC2A29F66C29007C3F31 /* MC1GDTests */ = {
			isa = PBXGroup;
			children = (
				D753EC2B29F66C29007C3F31 /* MC1GDTests.swift */,
			);
			path = MC1GDTests;
			sourceTree = "<group>";
		};
		D753EC3429F66C29007C3F31 /* MC1GDUITests */ = {
			isa = PBXGroup;
			children = (
				D753EC3529F66C29007C3F31 /* MC1GDUITests.swift */,
				D753EC3729F66C29007C3F31 /* MC1GDUITestsLaunchTests.swift */,
			);
			path = MC1GDUITests;
			sourceTree = "<group>";
		};
		D753EC4429F66C45007C3F31 /* Views */ = {
			isa = PBXGroup;
			children = (
				58A6A0D32A03925A0014E4BD /* Home.swift */,
				58A6A0D42A03925A0014E4BD /* YTView.swift */,
				D753EC4E29F66DF4007C3F31 /* ExpenseView.swift */,
				D753EC5029F66DFA007C3F31 /* NewItemView.swift */,
				B13ED56129F856A000491CFF /* RootView.swift */,
				B13ED56329F858E200491CFF /* SummaryView.swift */,
				D780C72229FF0BE2007BF480 /* QuestionsView.swift */,
				D465C76C2A017CDE00447757 /* TipsView.swift */,
				B18990402A021BD500260C10 /* WelcomeScreen.swift */,
				D755B0262A0286A10013C7FA /* NoBarChartView.swift */,
				D45D2D5B2A03A07C0098BFB6 /* SavingsView.swift */,
			);
			path = Views;
			sourceTree = "<group>";
		};
		D753EC4529F66C4B007C3F31 /* ViewModel */ = {
			isa = PBXGroup;
			children = (
				D753EC4829F66DAC007C3F31 /* CoreDataViewModel.swift */,
				D780C6D629FA584F007BF480 /* AddItemFromViewModel.swift */,
			);
			path = ViewModel;
			sourceTree = "<group>";
		};
		D753EC4629F66C50007C3F31 /* Components */ = {
			isa = PBXGroup;
			children = (
				B12AC8C329F84DD500111013 /* CustomTabBar.swift */,
				D753EC4A29F66DDA007C3F31 /* AddItemButton.swift */,
				B13ED56529F8594E00491CFF /* TabBarButton.swift */,
				D7B81C1629F8F0F0002E5EF9 /* PhotoPickerAndCamera.swift */,
				D7C4AB3A2A014F6C00FD76BF /* HorizontalProgressBar.swift */,
				D4D4A7CC29FA5BEE008674F8 /* CategoryChart.swift */,
				D780C71C29FEA1E8007BF480 /* NeedsWantsBarChart.swift */,
				B1475EFF2A0429B100D41BED /* AddSavingButton.swift */,
			);
			path = Components;
			sourceTree = "<group>";
		};
		D753EC4729F66C55007C3F31 /* Model */ = {
			isa = PBXGroup;
			children = (
				D753EC5929F66E92007C3F31 /* DateModel.swift */,
				D780C71E29FEA41F007BF480 /* BarChartDataModel.swift */,
				D7228C9A2A039AC8006237B9 /* NotificationModel.swift */,
			);
			path = Model;
			sourceTree = "<group>";
		};
		D753EC5229F66E17007C3F31 /* Utilities */ = {
			isa = PBXGroup;
			children = (
				D753EC5329F66E55007C3F31 /* ImagePicker.swift */,
				D753EC5729F66E79007C3F31 /* CurrencyFormatter.swift */,
				D780C6DA29FD233D007BF480 /* CategoryEnum.swift */,
				D780C6DE29FE8411007BF480 /* ColorExtension.swift */,
				D780C72029FEF6EA007BF480 /* ArrayExtension.swift */,
				D4F9DCA82A026800002F51B5 /* RoundedCorner.swift */,
				B1475EF52A03567A00D41BED /* PageEnum.swift */,
			);
			path = Utilities;
			sourceTree = "<group>";
		};
/* End PBXGroup section */

/* Begin PBXNativeTarget section */
		D753EC1129F66C28007C3F31 /* MC1GD */ = {
			isa = PBXNativeTarget;
			buildConfigurationList = D753EC3B29F66C29007C3F31 /* Build configuration list for PBXNativeTarget "MC1GD" */;
			buildPhases = (
				D753EC0E29F66C28007C3F31 /* Sources */,
				D753EC0F29F66C28007C3F31 /* Frameworks */,
				D753EC1029F66C28007C3F31 /* Resources */,
			);
			buildRules = (
			);
			dependencies = (
			);
			name = MC1GD;
			packageProductDependencies = (
				D415A44A29FA0FB7004BC18E /* SwiftUICharts */,
			);
			productName = MC1GD;
			productReference = D753EC1229F66C28007C3F31 /* MC1GD.app */;
			productType = "com.apple.product-type.application";
		};
		D753EC2629F66C29007C3F31 /* MC1GDTests */ = {
			isa = PBXNativeTarget;
			buildConfigurationList = D753EC3E29F66C29007C3F31 /* Build configuration list for PBXNativeTarget "MC1GDTests" */;
			buildPhases = (
				D753EC2329F66C29007C3F31 /* Sources */,
				D753EC2429F66C29007C3F31 /* Frameworks */,
				D753EC2529F66C29007C3F31 /* Resources */,
			);
			buildRules = (
			);
			dependencies = (
				D753EC2929F66C29007C3F31 /* PBXTargetDependency */,
			);
			name = MC1GDTests;
			productName = MC1GDTests;
			productReference = D753EC2729F66C29007C3F31 /* MC1GDTests.xctest */;
			productType = "com.apple.product-type.bundle.unit-test";
		};
		D753EC3029F66C29007C3F31 /* MC1GDUITests */ = {
			isa = PBXNativeTarget;
			buildConfigurationList = D753EC4129F66C29007C3F31 /* Build configuration list for PBXNativeTarget "MC1GDUITests" */;
			buildPhases = (
				D753EC2D29F66C29007C3F31 /* Sources */,
				D753EC2E29F66C29007C3F31 /* Frameworks */,
				D753EC2F29F66C29007C3F31 /* Resources */,
			);
			buildRules = (
			);
			dependencies = (
				D753EC3329F66C29007C3F31 /* PBXTargetDependency */,
			);
			name = MC1GDUITests;
			productName = MC1GDUITests;
			productReference = D753EC3129F66C29007C3F31 /* MC1GDUITests.xctest */;
			productType = "com.apple.product-type.bundle.ui-testing";
		};
/* End PBXNativeTarget section */

/* Begin PBXProject section */
		D753EC0A29F66C28007C3F31 /* Project object */ = {
			isa = PBXProject;
			attributes = {
				BuildIndependentTargetsInParallel = 1;
				LastSwiftUpdateCheck = 1430;
				LastUpgradeCheck = 1430;
				TargetAttributes = {
					D753EC1129F66C28007C3F31 = {
						CreatedOnToolsVersion = 14.3;
					};
					D753EC2629F66C29007C3F31 = {
						CreatedOnToolsVersion = 14.3;
						TestTargetID = D753EC1129F66C28007C3F31;
					};
					D753EC3029F66C29007C3F31 = {
						CreatedOnToolsVersion = 14.3;
						TestTargetID = D753EC1129F66C28007C3F31;
					};
				};
			};
			buildConfigurationList = D753EC0D29F66C28007C3F31 /* Build configuration list for PBXProject "MC1GD" */;
			compatibilityVersion = "Xcode 14.0";
			developmentRegion = en;
			hasScannedForEncodings = 0;
			knownRegions = (
				en,
				Base,
			);
			mainGroup = D753EC0929F66C28007C3F31;
			packageReferences = (
				D415A44929FA0FB7004BC18E /* XCRemoteSwiftPackageReference "SwiftUICharts" */,
			);
			productRefGroup = D753EC1329F66C28007C3F31 /* Products */;
			projectDirPath = "";
			projectRoot = "";
			targets = (
				D753EC1129F66C28007C3F31 /* MC1GD */,
				D753EC2629F66C29007C3F31 /* MC1GDTests */,
				D753EC3029F66C29007C3F31 /* MC1GDUITests */,
			);
		};
/* End PBXProject section */

/* Begin PBXResourcesBuildPhase section */
		D753EC1029F66C28007C3F31 /* Resources */ = {
			isa = PBXResourcesBuildPhase;
			buildActionMask = 2147483647;
			files = (
				D753EC1D29F66C29007C3F31 /* Preview Assets.xcassets in Resources */,
				D753EC1A29F66C29007C3F31 /* Assets.xcassets in Resources */,
			);
			runOnlyForDeploymentPostprocessing = 0;
		};
		D753EC2529F66C29007C3F31 /* Resources */ = {
			isa = PBXResourcesBuildPhase;
			buildActionMask = 2147483647;
			files = (
			);
			runOnlyForDeploymentPostprocessing = 0;
		};
		D753EC2F29F66C29007C3F31 /* Resources */ = {
			isa = PBXResourcesBuildPhase;
			buildActionMask = 2147483647;
			files = (
			);
			runOnlyForDeploymentPostprocessing = 0;
		};
/* End PBXResourcesBuildPhase section */

/* Begin PBXSourcesBuildPhase section */
		D753EC0E29F66C28007C3F31 /* Sources */ = {
			isa = PBXSourcesBuildPhase;
			buildActionMask = 2147483647;
			files = (
				D753EC5129F66DFA007C3F31 /* NewItemView.swift in Sources */,
				58A6A0D62A03925A0014E4BD /* YTView.swift in Sources */,
				D753EC5829F66E79007C3F31 /* CurrencyFormatter.swift in Sources */,
				B1475F002A0429B100D41BED /* AddSavingButton.swift in Sources */,
				B13ED56429F858E200491CFF /* SummaryView.swift in Sources */,
				D753EC4929F66DAC007C3F31 /* CoreDataViewModel.swift in Sources */,
				D780C6DB29FD233D007BF480 /* CategoryEnum.swift in Sources */,
				B12AC8C429F84DD500111013 /* CustomTabBar.swift in Sources */,
				D7C4AB3B2A014F6C00FD76BF /* HorizontalProgressBar.swift in Sources */,
				B13ED56629F8594E00491CFF /* TabBarButton.swift in Sources */,
				D780C71D29FEA1E8007BF480 /* NeedsWantsBarChart.swift in Sources */,
				D780C71F29FEA41F007BF480 /* BarChartDataModel.swift in Sources */,
				D755B0272A0286A10013C7FA /* NoBarChartView.swift in Sources */,
				B13ED56229F856A000491CFF /* RootView.swift in Sources */,
				D45D2D5C2A03A07C0098BFB6 /* SavingsView.swift in Sources */,
				D780C72129FEF6EA007BF480 /* ArrayExtension.swift in Sources */,
				B18990412A021BD500260C10 /* WelcomeScreen.swift in Sources */,
				D753EC5A29F66E92007C3F31 /* DateModel.swift in Sources */,
				D753EC1F29F66C29007C3F31 /* Persistence.swift in Sources */,
				D753EC4B29F66DDA007C3F31 /* AddItemButton.swift in Sources */,
				B1475EF62A03567A00D41BED /* PageEnum.swift in Sources */,
				D753EC2229F66C29007C3F31 /* MC1GD.xcdatamodeld in Sources */,
				D465C76D2A017CDE00447757 /* TipsView.swift in Sources */,
				D7B81C1729F8F0F0002E5EF9 /* PhotoPickerAndCamera.swift in Sources */,
				D4F9DCA92A026800002F51B5 /* RoundedCorner.swift in Sources */,
				58A6A0D52A03925A0014E4BD /* Home.swift in Sources */,
				D753EC5429F66E55007C3F31 /* ImagePicker.swift in Sources */,
				D780C6D729FA584F007BF480 /* AddItemFromViewModel.swift in Sources */,
				D753EC1629F66C28007C3F31 /* MC1GDApp.swift in Sources */,
				D780C72329FF0BE2007BF480 /* QuestionsView.swift in Sources */,
				D4D4A7CD29FA5BEE008674F8 /* CategoryChart.swift in Sources */,
				D753EC4F29F66DF4007C3F31 /* ExpenseView.swift in Sources */,
				D780C6DF29FE8411007BF480 /* ColorExtension.swift in Sources */,
				D7228C9B2A039AC8006237B9 /* NotificationModel.swift in Sources */,
			);
			runOnlyForDeploymentPostprocessing = 0;
		};
		D753EC2329F66C29007C3F31 /* Sources */ = {
			isa = PBXSourcesBuildPhase;
			buildActionMask = 2147483647;
			files = (
				D753EC2C29F66C29007C3F31 /* MC1GDTests.swift in Sources */,
			);
			runOnlyForDeploymentPostprocessing = 0;
		};
		D753EC2D29F66C29007C3F31 /* Sources */ = {
			isa = PBXSourcesBuildPhase;
			buildActionMask = 2147483647;
			files = (
				D753EC3629F66C29007C3F31 /* MC1GDUITests.swift in Sources */,
				D753EC3829F66C29007C3F31 /* MC1GDUITestsLaunchTests.swift in Sources */,
			);
			runOnlyForDeploymentPostprocessing = 0;
		};
/* End PBXSourcesBuildPhase section */

/* Begin PBXTargetDependency section */
		D753EC2929F66C29007C3F31 /* PBXTargetDependency */ = {
			isa = PBXTargetDependency;
			target = D753EC1129F66C28007C3F31 /* MC1GD */;
			targetProxy = D753EC2829F66C29007C3F31 /* PBXContainerItemProxy */;
		};
		D753EC3329F66C29007C3F31 /* PBXTargetDependency */ = {
			isa = PBXTargetDependency;
			target = D753EC1129F66C28007C3F31 /* MC1GD */;
			targetProxy = D753EC3229F66C29007C3F31 /* PBXContainerItemProxy */;
		};
/* End PBXTargetDependency section */

/* Begin XCBuildConfiguration section */
		D753EC3929F66C29007C3F31 /* Debug */ = {
			isa = XCBuildConfiguration;
			buildSettings = {
				ALWAYS_SEARCH_USER_PATHS = NO;
				CLANG_ANALYZER_NONNULL = YES;
				CLANG_ANALYZER_NUMBER_OBJECT_CONVERSION = YES_AGGRESSIVE;
				CLANG_CXX_LANGUAGE_STANDARD = "gnu++20";
				CLANG_ENABLE_MODULES = YES;
				CLANG_ENABLE_OBJC_ARC = YES;
				CLANG_ENABLE_OBJC_WEAK = YES;
				CLANG_WARN_BLOCK_CAPTURE_AUTORELEASING = YES;
				CLANG_WARN_BOOL_CONVERSION = YES;
				CLANG_WARN_COMMA = YES;
				CLANG_WARN_CONSTANT_CONVERSION = YES;
				CLANG_WARN_DEPRECATED_OBJC_IMPLEMENTATIONS = YES;
				CLANG_WARN_DIRECT_OBJC_ISA_USAGE = YES_ERROR;
				CLANG_WARN_DOCUMENTATION_COMMENTS = YES;
				CLANG_WARN_EMPTY_BODY = YES;
				CLANG_WARN_ENUM_CONVERSION = YES;
				CLANG_WARN_INFINITE_RECURSION = YES;
				CLANG_WARN_INT_CONVERSION = YES;
				CLANG_WARN_NON_LITERAL_NULL_CONVERSION = YES;
				CLANG_WARN_OBJC_IMPLICIT_RETAIN_SELF = YES;
				CLANG_WARN_OBJC_LITERAL_CONVERSION = YES;
				CLANG_WARN_OBJC_ROOT_CLASS = YES_ERROR;
				CLANG_WARN_QUOTED_INCLUDE_IN_FRAMEWORK_HEADER = YES;
				CLANG_WARN_RANGE_LOOP_ANALYSIS = YES;
				CLANG_WARN_STRICT_PROTOTYPES = YES;
				CLANG_WARN_SUSPICIOUS_MOVE = YES;
				CLANG_WARN_UNGUARDED_AVAILABILITY = YES_AGGRESSIVE;
				CLANG_WARN_UNREACHABLE_CODE = YES;
				CLANG_WARN__DUPLICATE_METHOD_MATCH = YES;
				COPY_PHASE_STRIP = NO;
				DEBUG_INFORMATION_FORMAT = dwarf;
				ENABLE_STRICT_OBJC_MSGSEND = YES;
				ENABLE_TESTABILITY = YES;
				GCC_C_LANGUAGE_STANDARD = gnu11;
				GCC_DYNAMIC_NO_PIC = NO;
				GCC_NO_COMMON_BLOCKS = YES;
				GCC_OPTIMIZATION_LEVEL = 0;
				GCC_PREPROCESSOR_DEFINITIONS = (
					"DEBUG=1",
					"$(inherited)",
				);
				GCC_WARN_64_TO_32_BIT_CONVERSION = YES;
				GCC_WARN_ABOUT_RETURN_TYPE = YES_ERROR;
				GCC_WARN_UNDECLARED_SELECTOR = YES;
				GCC_WARN_UNINITIALIZED_AUTOS = YES_AGGRESSIVE;
				GCC_WARN_UNUSED_FUNCTION = YES;
				GCC_WARN_UNUSED_VARIABLE = YES;
				IPHONEOS_DEPLOYMENT_TARGET = 16.0;
				MTL_ENABLE_DEBUG_INFO = INCLUDE_SOURCE;
				MTL_FAST_MATH = YES;
				ONLY_ACTIVE_ARCH = YES;
				SDKROOT = iphoneos;
				SWIFT_ACTIVE_COMPILATION_CONDITIONS = DEBUG;
				SWIFT_OPTIMIZATION_LEVEL = "-Onone";
			};
			name = Debug;
		};
		D753EC3A29F66C29007C3F31 /* Release */ = {
			isa = XCBuildConfiguration;
			buildSettings = {
				ALWAYS_SEARCH_USER_PATHS = NO;
				CLANG_ANALYZER_NONNULL = YES;
				CLANG_ANALYZER_NUMBER_OBJECT_CONVERSION = YES_AGGRESSIVE;
				CLANG_CXX_LANGUAGE_STANDARD = "gnu++20";
				CLANG_ENABLE_MODULES = YES;
				CLANG_ENABLE_OBJC_ARC = YES;
				CLANG_ENABLE_OBJC_WEAK = YES;
				CLANG_WARN_BLOCK_CAPTURE_AUTORELEASING = YES;
				CLANG_WARN_BOOL_CONVERSION = YES;
				CLANG_WARN_COMMA = YES;
				CLANG_WARN_CONSTANT_CONVERSION = YES;
				CLANG_WARN_DEPRECATED_OBJC_IMPLEMENTATIONS = YES;
				CLANG_WARN_DIRECT_OBJC_ISA_USAGE = YES_ERROR;
				CLANG_WARN_DOCUMENTATION_COMMENTS = YES;
				CLANG_WARN_EMPTY_BODY = YES;
				CLANG_WARN_ENUM_CONVERSION = YES;
				CLANG_WARN_INFINITE_RECURSION = YES;
				CLANG_WARN_INT_CONVERSION = YES;
				CLANG_WARN_NON_LITERAL_NULL_CONVERSION = YES;
				CLANG_WARN_OBJC_IMPLICIT_RETAIN_SELF = YES;
				CLANG_WARN_OBJC_LITERAL_CONVERSION = YES;
				CLANG_WARN_OBJC_ROOT_CLASS = YES_ERROR;
				CLANG_WARN_QUOTED_INCLUDE_IN_FRAMEWORK_HEADER = YES;
				CLANG_WARN_RANGE_LOOP_ANALYSIS = YES;
				CLANG_WARN_STRICT_PROTOTYPES = YES;
				CLANG_WARN_SUSPICIOUS_MOVE = YES;
				CLANG_WARN_UNGUARDED_AVAILABILITY = YES_AGGRESSIVE;
				CLANG_WARN_UNREACHABLE_CODE = YES;
				CLANG_WARN__DUPLICATE_METHOD_MATCH = YES;
				COPY_PHASE_STRIP = NO;
				DEBUG_INFORMATION_FORMAT = "dwarf-with-dsym";
				ENABLE_NS_ASSERTIONS = NO;
				ENABLE_STRICT_OBJC_MSGSEND = YES;
				GCC_C_LANGUAGE_STANDARD = gnu11;
				GCC_NO_COMMON_BLOCKS = YES;
				GCC_WARN_64_TO_32_BIT_CONVERSION = YES;
				GCC_WARN_ABOUT_RETURN_TYPE = YES_ERROR;
				GCC_WARN_UNDECLARED_SELECTOR = YES;
				GCC_WARN_UNINITIALIZED_AUTOS = YES_AGGRESSIVE;
				GCC_WARN_UNUSED_FUNCTION = YES;
				GCC_WARN_UNUSED_VARIABLE = YES;
				IPHONEOS_DEPLOYMENT_TARGET = 16.0;
				MTL_ENABLE_DEBUG_INFO = NO;
				MTL_FAST_MATH = YES;
				SDKROOT = iphoneos;
				SWIFT_COMPILATION_MODE = wholemodule;
				SWIFT_OPTIMIZATION_LEVEL = "-O";
				VALIDATE_PRODUCT = YES;
			};
			name = Release;
		};
		D753EC3C29F66C29007C3F31 /* Debug */ = {
			isa = XCBuildConfiguration;
			buildSettings = {
				ASSETCATALOG_COMPILER_APPICON_NAME = AppIcon;
				ASSETCATALOG_COMPILER_GLOBAL_ACCENT_COLOR_NAME = AccentColor;
				CODE_SIGN_STYLE = Automatic;
				CURRENT_PROJECT_VERSION = 1;
				DEVELOPMENT_ASSET_PATHS = "\"MC1GD/Preview Content\"";
				DEVELOPMENT_TEAM = 54STNG9K7F;
				ENABLE_PREVIEWS = YES;
				GENERATE_INFOPLIST_FILE = YES;
				INFOPLIST_KEY_UIApplicationSceneManifest_Generation = YES;
				INFOPLIST_KEY_UIApplicationSupportsIndirectInputEvents = YES;
				INFOPLIST_KEY_UILaunchScreen_Generation = YES;
				INFOPLIST_KEY_UISupportedInterfaceOrientations_iPad = "UIInterfaceOrientationPortrait UIInterfaceOrientationPortraitUpsideDown UIInterfaceOrientationLandscapeLeft UIInterfaceOrientationLandscapeRight";
				INFOPLIST_KEY_UISupportedInterfaceOrientations_iPhone = "UIInterfaceOrientationPortrait UIInterfaceOrientationLandscapeLeft UIInterfaceOrientationLandscapeRight";
				LD_RUNPATH_SEARCH_PATHS = (
					"$(inherited)",
					"@executable_path/Frameworks",
				);
				MARKETING_VERSION = 1.0;
				PRODUCT_BUNDLE_IDENTIFIER = com.example.test1.MC1GD;
				PRODUCT_NAME = "$(TARGET_NAME)";
				SWIFT_EMIT_LOC_STRINGS = YES;
				SWIFT_VERSION = 5.0;
				TARGETED_DEVICE_FAMILY = "1,2";
			};
			name = Debug;
		};
		D753EC3D29F66C29007C3F31 /* Release */ = {
			isa = XCBuildConfiguration;
			buildSettings = {
				ASSETCATALOG_COMPILER_APPICON_NAME = AppIcon;
				ASSETCATALOG_COMPILER_GLOBAL_ACCENT_COLOR_NAME = AccentColor;
				CODE_SIGN_STYLE = Automatic;
				CURRENT_PROJECT_VERSION = 1;
				DEVELOPMENT_ASSET_PATHS = "\"MC1GD/Preview Content\"";
				DEVELOPMENT_TEAM = 54STNG9K7F;
				ENABLE_PREVIEWS = YES;
				GENERATE_INFOPLIST_FILE = YES;
				INFOPLIST_KEY_UIApplicationSceneManifest_Generation = YES;
				INFOPLIST_KEY_UIApplicationSupportsIndirectInputEvents = YES;
				INFOPLIST_KEY_UILaunchScreen_Generation = YES;
				INFOPLIST_KEY_UISupportedInterfaceOrientations_iPad = "UIInterfaceOrientationPortrait UIInterfaceOrientationPortraitUpsideDown UIInterfaceOrientationLandscapeLeft UIInterfaceOrientationLandscapeRight";
				INFOPLIST_KEY_UISupportedInterfaceOrientations_iPhone = "UIInterfaceOrientationPortrait UIInterfaceOrientationLandscapeLeft UIInterfaceOrientationLandscapeRight";
				LD_RUNPATH_SEARCH_PATHS = (
					"$(inherited)",
					"@executable_path/Frameworks",
				);
				MARKETING_VERSION = 1.0;
				PRODUCT_BUNDLE_IDENTIFIER = com.example.test1.MC1GD;
				PRODUCT_NAME = "$(TARGET_NAME)";
				SWIFT_EMIT_LOC_STRINGS = YES;
				SWIFT_VERSION = 5.0;
				TARGETED_DEVICE_FAMILY = "1,2";
			};
			name = Release;
		};
		D753EC3F29F66C29007C3F31 /* Debug */ = {
			isa = XCBuildConfiguration;
			buildSettings = {
				ALWAYS_EMBED_SWIFT_STANDARD_LIBRARIES = YES;
				BUNDLE_LOADER = "$(TEST_HOST)";
				CODE_SIGN_STYLE = Automatic;
				CURRENT_PROJECT_VERSION = 1;
				DEVELOPMENT_TEAM = 6H4427J3SZ;
				GENERATE_INFOPLIST_FILE = YES;
				IPHONEOS_DEPLOYMENT_TARGET = 16.4;
				MARKETING_VERSION = 1.0;
				PRODUCT_BUNDLE_IDENTIFIER = com.example.test1.MC1GDTests;
				PRODUCT_NAME = "$(TARGET_NAME)";
				SWIFT_EMIT_LOC_STRINGS = NO;
				SWIFT_VERSION = 5.0;
				TARGETED_DEVICE_FAMILY = "1,2";
				TEST_HOST = "$(BUILT_PRODUCTS_DIR)/MC1GD.app/$(BUNDLE_EXECUTABLE_FOLDER_PATH)/MC1GD";
			};
			name = Debug;
		};
		D753EC4029F66C29007C3F31 /* Release */ = {
			isa = XCBuildConfiguration;
			buildSettings = {
				ALWAYS_EMBED_SWIFT_STANDARD_LIBRARIES = YES;
				BUNDLE_LOADER = "$(TEST_HOST)";
				CODE_SIGN_STYLE = Automatic;
				CURRENT_PROJECT_VERSION = 1;
				DEVELOPMENT_TEAM = 6H4427J3SZ;
				GENERATE_INFOPLIST_FILE = YES;
				IPHONEOS_DEPLOYMENT_TARGET = 16.4;
				MARKETING_VERSION = 1.0;
				PRODUCT_BUNDLE_IDENTIFIER = com.example.test1.MC1GDTests;
				PRODUCT_NAME = "$(TARGET_NAME)";
				SWIFT_EMIT_LOC_STRINGS = NO;
				SWIFT_VERSION = 5.0;
				TARGETED_DEVICE_FAMILY = "1,2";
				TEST_HOST = "$(BUILT_PRODUCTS_DIR)/MC1GD.app/$(BUNDLE_EXECUTABLE_FOLDER_PATH)/MC1GD";
			};
			name = Release;
		};
		D753EC4229F66C29007C3F31 /* Debug */ = {
			isa = XCBuildConfiguration;
			buildSettings = {
				ALWAYS_EMBED_SWIFT_STANDARD_LIBRARIES = YES;
				CODE_SIGN_STYLE = Automatic;
				CURRENT_PROJECT_VERSION = 1;
				DEVELOPMENT_TEAM = 6H4427J3SZ;
				GENERATE_INFOPLIST_FILE = YES;
				MARKETING_VERSION = 1.0;
				PRODUCT_BUNDLE_IDENTIFIER = com.example.test1.MC1GDUITests;
				PRODUCT_NAME = "$(TARGET_NAME)";
				SWIFT_EMIT_LOC_STRINGS = NO;
				SWIFT_VERSION = 5.0;
				TARGETED_DEVICE_FAMILY = "1,2";
				TEST_TARGET_NAME = MC1GD;
			};
			name = Debug;
		};
		D753EC4329F66C29007C3F31 /* Release */ = {
			isa = XCBuildConfiguration;
			buildSettings = {
				ALWAYS_EMBED_SWIFT_STANDARD_LIBRARIES = YES;
				CODE_SIGN_STYLE = Automatic;
				CURRENT_PROJECT_VERSION = 1;
				DEVELOPMENT_TEAM = 6H4427J3SZ;
				GENERATE_INFOPLIST_FILE = YES;
				MARKETING_VERSION = 1.0;
				PRODUCT_BUNDLE_IDENTIFIER = com.example.test1.MC1GDUITests;
				PRODUCT_NAME = "$(TARGET_NAME)";
				SWIFT_EMIT_LOC_STRINGS = NO;
				SWIFT_VERSION = 5.0;
				TARGETED_DEVICE_FAMILY = "1,2";
				TEST_TARGET_NAME = MC1GD;
			};
			name = Release;
		};
/* End XCBuildConfiguration section */

/* Begin XCConfigurationList section */
		D753EC0D29F66C28007C3F31 /* Build configuration list for PBXProject "MC1GD" */ = {
			isa = XCConfigurationList;
			buildConfigurations = (
				D753EC3929F66C29007C3F31 /* Debug */,
				D753EC3A29F66C29007C3F31 /* Release */,
			);
			defaultConfigurationIsVisible = 0;
			defaultConfigurationName = Release;
		};
		D753EC3B29F66C29007C3F31 /* Build configuration list for PBXNativeTarget "MC1GD" */ = {
			isa = XCConfigurationList;
			buildConfigurations = (
				D753EC3C29F66C29007C3F31 /* Debug */,
				D753EC3D29F66C29007C3F31 /* Release */,
			);
			defaultConfigurationIsVisible = 0;
			defaultConfigurationName = Release;
		};
		D753EC3E29F66C29007C3F31 /* Build configuration list for PBXNativeTarget "MC1GDTests" */ = {
			isa = XCConfigurationList;
			buildConfigurations = (
				D753EC3F29F66C29007C3F31 /* Debug */,
				D753EC4029F66C29007C3F31 /* Release */,
			);
			defaultConfigurationIsVisible = 0;
			defaultConfigurationName = Release;
		};
		D753EC4129F66C29007C3F31 /* Build configuration list for PBXNativeTarget "MC1GDUITests" */ = {
			isa = XCConfigurationList;
			buildConfigurations = (
				D753EC4229F66C29007C3F31 /* Debug */,
				D753EC4329F66C29007C3F31 /* Release */,
			);
			defaultConfigurationIsVisible = 0;
			defaultConfigurationName = Release;
		};
/* End XCConfigurationList section */

/* Begin XCRemoteSwiftPackageReference section */
		D415A44929FA0FB7004BC18E /* XCRemoteSwiftPackageReference "SwiftUICharts" */ = {
			isa = XCRemoteSwiftPackageReference;
			repositoryURL = "https://github.com/willdale/SwiftUICharts.git";
			requirement = {
				kind = upToNextMajorVersion;
				minimumVersion = 2.0.0;
			};
		};
/* End XCRemoteSwiftPackageReference section */

/* Begin XCSwiftPackageProductDependency section */
		D415A44A29FA0FB7004BC18E /* SwiftUICharts */ = {
			isa = XCSwiftPackageProductDependency;
			package = D415A44929FA0FB7004BC18E /* XCRemoteSwiftPackageReference "SwiftUICharts" */;
			productName = SwiftUICharts;
		};
/* End XCSwiftPackageProductDependency section */

/* Begin XCVersionGroup section */
		D753EC2029F66C29007C3F31 /* MC1GD.xcdatamodeld */ = {
			isa = XCVersionGroup;
			children = (
				D753EC2129F66C29007C3F31 /* MC1GD.xcdatamodel */,
			);
			currentVersion = D753EC2129F66C29007C3F31 /* MC1GD.xcdatamodel */;
			path = MC1GD.xcdatamodeld;
			sourceTree = "<group>";
			versionGroupType = wrapper.xcdatamodel;
		};
/* End XCVersionGroup section */
	};
	rootObject = D753EC0A29F66C28007C3F31 /* Project object */;
}
